
Microsoft Visual Studio Solution File, Format Version 12.00
# Visual Studio Version 16
VisualStudioVersion = 16.0.29009.5
MinimumVisualStudioVersion = 10.0.40219.1
Project("{8BC9CEB8-8B4A-11D0-8D11-00A0C91BC942}") = "OpenCV_T1", "OpenCV_T1\OpenCV_T1.vcxproj", "{81BF671E-B496-4523-AF15-7CF9E350467A}"
EndProject
Project("{8BC9CEB8-8B4A-11D0-8D11-00A0C91BC942}") = "OpenCV_1.5.1", "OpenCV_1.5.1\OpenCV_1.5.1.vcxproj", "{C89E307E-3F07-4605-9826-57594D21FF72}"
EndProject
Project("{8BC9CEB8-8B4A-11D0-8D11-00A0C91BC942}") = "OpenCV_1.5.3", "OpenCV_1.5.3\OpenCV_1.5.3.vcxproj", "{13279492-3DD6-48EA-89A3-74CE90311D1D}"
EndProject
Project("{8BC9CEB8-8B4A-11D0-8D11-00A0C91BC942}") = "OpenCV_1.5.4", "OpenCV_1.5.4\OpenCV_1.5.4.vcxproj", "{03642F3E-24EC-4995-8736-3BFB1194B4EE}"
EndProject
Project("{8BC9CEB8-8B4A-11D0-8D11-00A0C91BC942}") = "OpenCV_1.6.1", "OpenCV_1.6.1\OpenCV_1.6.1.vcxproj", "{A9579849-9C13-4128-9AAC-4FE90929017B}"
EndProject
Project("{8BC9CEB8-8B4A-11D0-8D11-00A0C91BC942}") = "OpenCV_3.1.8", "OpenCV_3.1.8\OpenCV_3.1.8.vcxproj", "{8335D294-BEC8-45FB-918B-12ADA559FABB}"
EndProject
Project("{8BC9CEB8-8B4A-11D0-8D11-00A0C91BC942}") = "OpenCV_3.1.9", "OpenCV_3.1.9\OpenCV_3.1.9.vcxproj", "{0F53EAAE-D409-473F-B77E-C8B88D7274BD}"
EndProject
Project("{8BC9CEB8-8B4A-11D0-8D11-00A0C91BC942}") = "OpenCV_3.2.1", "OpenCV_3.2.1\OpenCV_3.2.1.vcxproj", "{8C593FDF-D24A-45A6-85D5-CF992EE94509}"
EndProject
Project("{8BC9CEB8-8B4A-11D0-8D11-00A0C91BC942}") = "OpenCV_3.3", "OpenCV_3.3\OpenCV_3.3.vcxproj", "{B6F3B60B-6D56-45EB-96C1-BDE8E563C808}"
EndProject
Project("{8BC9CEB8-8B4A-11D0-8D11-00A0C91BC942}") = "OpenCV_4.1", "OpenCV_4.1\OpenCV_4.1.vcxproj", "{CC7EC1A8-890C-45B4-AC4C-6FF389F68B8A}"
EndProject
Project("{8BC9CEB8-8B4A-11D0-8D11-00A0C91BC942}") = "OpenCV_4.2.5", "OpenCV_4.2.5\OpenCV_4.2.5.vcxproj", "{14E332BF-063A-4E9A-AD96-3DCF2C911A0A}"
EndProject
Project("{8BC9CEB8-8B4A-11D0-8D11-00A0C91BC942}") = "OpenCV_4.3", "OpenCV_4.3\OpenCV_4.3.vcxproj", "{7DDA9022-228F-4CEA-A2CA-7E6114783D27}"
EndProject
Project("{8BC9CEB8-8B4A-11D0-8D11-00A0C91BC942}") = "OpenCV_5.1.5", "OpenCV_5.1.5\OpenCV_5.1.5.vcxproj", "{A94EFA6B-C17B-499C-93A5-8CA38BA416AC}"
EndProject
Project("{8BC9CEB8-8B4A-11D0-8D11-00A0C91BC942}") = "OpenCV_0_14WaysToAccessPixel", "OpenCV_0_14WaysToAccessPixel\OpenCV_0_14WaysToAccessPixel.vcxproj", "{952D3E00-EC33-46DA-BC86-B37E7B4BAC5E}"
EndProject
Project("{8BC9CEB8-8B4A-11D0-8D11-00A0C91BC942}") = "OpenCV_5.2.1", "OpenCV_5.2.1\OpenCV_5.2.1.vcxproj", "{1BDA592C-3BAD-4F15-9594-08770223E50E}"
EndProject
Project("{8BC9CEB8-8B4A-11D0-8D11-00A0C91BC942}") = "OpenCV_5.2.2", "OpenCV_5.2.2\OpenCV_5.2.2.vcxproj", "{60D240AC-DBB2-4E40-AEC0-4D5BA51A7F23}"
EndProject
Project("{8BC9CEB8-8B4A-11D0-8D11-00A0C91BC942}") = "OpenCV_5.2.3", "OpenCV_5.2.3\OpenCV_5.2.3.vcxproj", "{BCC0D935-A8D0-47EB-A50B-E16408C90FB6}"
EndProject
Project("{8BC9CEB8-8B4A-11D0-8D11-00A0C91BC942}") = "OpenCV_5.3.2", "OpenCV_5.3.2\OpenCV_5.3.2.vcxproj", "{DFFAD90B-3E31-4858-8D87-D47873CBD819}"
EndProject
Project("{8BC9CEB8-8B4A-11D0-8D11-00A0C91BC942}") = "OpenCV_5.4.3", "OpenCV_5.4.3\OpenCV_5.4.3.vcxproj", "{4E4C7848-1157-46F7-8298-8EBEAD23EA8E}"
EndProject
Project("{8BC9CEB8-8B4A-11D0-8D11-00A0C91BC942}") = "OpenCV_5.5.8", "OpenCV_5.5.8\OpenCV_5.5.8.vcxproj", "{391FDAEF-8C81-4E69-A5CA-A7959081D5E5}"
EndProject
Project("{8BC9CEB8-8B4A-11D0-8D11-00A0C91BC942}") = "OpenCV_5.6.3", "OpenCV_5.6.3\OpenCV_5.6.3.vcxproj", "{5B386FE2-8C29-4D09-8995-24530084D161}"
EndProject
Project("{8BC9CEB8-8B4A-11D0-8D11-00A0C91BC942}") = "OpenCV_5.6.4", "OpenCV_5.6.4\OpenCV_5.6.4.vcxproj", "{4EEABAD7-9A64-42EC-B426-71A690439583}"
EndProject
Project("{8BC9CEB8-8B4A-11D0-8D11-00A0C91BC942}") = "OpenCV_6.1.11.1", "OpenCV_6.1.11.1\OpenCV_6.1.11.1.vcxproj", "{86270343-34D2-4926-8227-C4A599804C4C}"
EndProject
Project("{8BC9CEB8-8B4A-11D0-8D11-00A0C91BC942}") = "OpenCV_6.1.11.2", "OpenCV_6.1.11.2\OpenCV_6.1.11.2.vcxproj", "{627D0A27-A91F-49AB-9EB3-D1FC3B1B5E84}"
EndProject
Project("{8BC9CEB8-8B4A-11D0-8D11-00A0C91BC942}") = "OpenCV_6.1.11.3", "OpenCV_6.11.1.3\OpenCV_6.11.1.3.vcxproj", "{B1B64F23-073F-4B10-A913-0FF810697B02}"
EndProject
Project("{8BC9CEB8-8B4A-11D0-8D11-00A0C91BC942}") = "OpenCV_6.1.12", "OpenCV_6.1.12\OpenCV_6.1.12.vcxproj", "{BD3218F1-D7E6-4124-AD51-829DC544FB29}"
EndProject
Project("{8BC9CEB8-8B4A-11D0-8D11-00A0C91BC942}") = "OpenCV_6.2.4", "OpenCV_6.2.4\OpenCV_6.2.4.vcxproj", "{875DA4FA-8AF3-498D-9366-CBE0B22ED659}"
EndProject
Project("{8BC9CEB8-8B4A-11D0-8D11-00A0C91BC942}") = "OpenCV_6.2.5", "OpenCV_6.2.5\OpenCV_6.2.5.vcxproj", "{A21523EF-3C28-411E-87CE-D5959F8621E9}"
EndProject
Project("{8BC9CEB8-8B4A-11D0-8D11-00A0C91BC942}") = "OpenCV_6.3.5", "OpenCV_6.3.5\OpenCV_6.3.5.vcxproj", "{6513876D-47F2-4852-858C-1F07A380BD8A}"
EndProject
Project("{8BC9CEB8-8B4A-11D0-8D11-00A0C91BC942}") = "OpenCV_6.3.6", "OpenCV_6.3.6\OpenCV_6.3.6.vcxproj", "{DC5FDFBC-25C9-4749-A1EB-E0024F3B8838}"
EndProject
Project("{8BC9CEB8-8B4A-11D0-8D11-00A0C91BC942}") = "OpenCV_6.4.9", "OpenCV_6.4.9\OpenCV_6.4.9.vcxproj", "{306268F6-A3CE-4627-87E5-1AB56767C21A}"
EndProject
Project("{8BC9CEB8-8B4A-11D0-8D11-00A0C91BC942}") = "OpenCV_6.5.3", "OpenCV_6.5.3\OpenCV_6.5.3.vcxproj", "{76EF40FA-3601-4E3E-928D-60632E26C4FC}"
EndProject
Project("{8BC9CEB8-8B4A-11D0-8D11-00A0C91BC942}") = "OpenCV_6.5.4", "OpenCV_6.5.4\OpenCV_6.5.4.vcxproj", "{E1CA8ADA-4963-435E-A345-F5C6DD1A55F8}"
EndProject
Project("{8BC9CEB8-8B4A-11D0-8D11-00A0C91BC942}") = "OpenCV_6.6.5", "OpenCV_6.6.5\OpenCV_6.6.5.vcxproj", "{002D470A-DE52-4B93-92DD-B8DAFC83B3E9}"
EndProject
Project("{8BC9CEB8-8B4A-11D0-8D11-00A0C91BC942}") = "OpenCV_6.6.6", "OpenCV_6.6.6\OpenCV_6.6.6.vcxproj", "{BFD39B83-2451-4E24-8258-06149ED29470}"
EndProject
Project("{8BC9CEB8-8B4A-11D0-8D11-00A0C91BC942}") = "OpenCV_6.6.7", "OpenCV_6.6.7\OpenCV_6.6.7.vcxproj", "{5C5A11F1-9F97-4BC5-8D66-1A7B83108051}"
EndProject
Project("{8BC9CEB8-8B4A-11D0-8D11-00A0C91BC942}") = "OpenCV_6.7.3", "OpenCV_6.7.3\OpenCV_6.7.3.vcxproj", "{2C46034F-71F0-4AD3-B57A-B3D3DAEDB48B}"
EndProject
Project("{8BC9CEB8-8B4A-11D0-8D11-00A0C91BC942}") = "OpenCV_7.1.2", "OpenCV_7.1.2\OpenCV_7.1.2.vcxproj", "{36267E7C-7AC8-42A2-AC87-146DDD9D0DAF}"
EndProject
Global
	GlobalSection(SolutionConfigurationPlatforms) = preSolution
		Debug|x64 = Debug|x64
		Debug|x86 = Debug|x86
		Release|x64 = Release|x64
		Release|x86 = Release|x86
	EndGlobalSection
	GlobalSection(ProjectConfigurationPlatforms) = postSolution
		{81BF671E-B496-4523-AF15-7CF9E350467A}.Debug|x64.ActiveCfg = Debug|x64
		{81BF671E-B496-4523-AF15-7CF9E350467A}.Debug|x64.Build.0 = Debug|x64
		{81BF671E-B496-4523-AF15-7CF9E350467A}.Debug|x86.ActiveCfg = Debug|Win32
		{81BF671E-B496-4523-AF15-7CF9E350467A}.Debug|x86.Build.0 = Debug|Win32
		{81BF671E-B496-4523-AF15-7CF9E350467A}.Release|x64.ActiveCfg = Release|x64
		{81BF671E-B496-4523-AF15-7CF9E350467A}.Release|x64.Build.0 = Release|x64
		{81BF671E-B496-4523-AF15-7CF9E350467A}.Release|x86.ActiveCfg = Release|Win32
		{81BF671E-B496-4523-AF15-7CF9E350467A}.Release|x86.Build.0 = Release|Win32
		{C89E307E-3F07-4605-9826-57594D21FF72}.Debug|x64.ActiveCfg = Debug|x64
		{C89E307E-3F07-4605-9826-57594D21FF72}.Debug|x64.Build.0 = Debug|x64
		{C89E307E-3F07-4605-9826-57594D21FF72}.Debug|x86.ActiveCfg = Debug|Win32
		{C89E307E-3F07-4605-9826-57594D21FF72}.Debug|x86.Build.0 = Debug|Win32
		{C89E307E-3F07-4605-9826-57594D21FF72}.Release|x64.ActiveCfg = Release|x64
		{C89E307E-3F07-4605-9826-57594D21FF72}.Release|x64.Build.0 = Release|x64
		{C89E307E-3F07-4605-9826-57594D21FF72}.Release|x86.ActiveCfg = Release|Win32
		{C89E307E-3F07-4605-9826-57594D21FF72}.Release|x86.Build.0 = Release|Win32
		{13279492-3DD6-48EA-89A3-74CE90311D1D}.Debug|x64.ActiveCfg = Debug|x64
		{13279492-3DD6-48EA-89A3-74CE90311D1D}.Debug|x64.Build.0 = Debug|x64
		{13279492-3DD6-48EA-89A3-74CE90311D1D}.Debug|x86.ActiveCfg = Debug|Win32
		{13279492-3DD6-48EA-89A3-74CE90311D1D}.Debug|x86.Build.0 = Debug|Win32
		{13279492-3DD6-48EA-89A3-74CE90311D1D}.Release|x64.ActiveCfg = Release|x64
		{13279492-3DD6-48EA-89A3-74CE90311D1D}.Release|x64.Build.0 = Release|x64
		{13279492-3DD6-48EA-89A3-74CE90311D1D}.Release|x86.ActiveCfg = Release|Win32
		{13279492-3DD6-48EA-89A3-74CE90311D1D}.Release|x86.Build.0 = Release|Win32
		{03642F3E-24EC-4995-8736-3BFB1194B4EE}.Debug|x64.ActiveCfg = Debug|x64
		{03642F3E-24EC-4995-8736-3BFB1194B4EE}.Debug|x64.Build.0 = Debug|x64
		{03642F3E-24EC-4995-8736-3BFB1194B4EE}.Debug|x86.ActiveCfg = Debug|Win32
		{03642F3E-24EC-4995-8736-3BFB1194B4EE}.Debug|x86.Build.0 = Debug|Win32
		{03642F3E-24EC-4995-8736-3BFB1194B4EE}.Release|x64.ActiveCfg = Release|x64
		{03642F3E-24EC-4995-8736-3BFB1194B4EE}.Release|x64.Build.0 = Release|x64
		{03642F3E-24EC-4995-8736-3BFB1194B4EE}.Release|x86.ActiveCfg = Release|Win32
		{03642F3E-24EC-4995-8736-3BFB1194B4EE}.Release|x86.Build.0 = Release|Win32
		{A9579849-9C13-4128-9AAC-4FE90929017B}.Debug|x64.ActiveCfg = Debug|x64
		{A9579849-9C13-4128-9AAC-4FE90929017B}.Debug|x64.Build.0 = Debug|x64
		{A9579849-9C13-4128-9AAC-4FE90929017B}.Debug|x86.ActiveCfg = Debug|Win32
		{A9579849-9C13-4128-9AAC-4FE90929017B}.Debug|x86.Build.0 = Debug|Win32
		{A9579849-9C13-4128-9AAC-4FE90929017B}.Release|x64.ActiveCfg = Release|x64
		{A9579849-9C13-4128-9AAC-4FE90929017B}.Release|x64.Build.0 = Release|x64
		{A9579849-9C13-4128-9AAC-4FE90929017B}.Release|x86.ActiveCfg = Release|Win32
		{A9579849-9C13-4128-9AAC-4FE90929017B}.Release|x86.Build.0 = Release|Win32
		{8335D294-BEC8-45FB-918B-12ADA559FABB}.Debug|x64.ActiveCfg = Debug|x64
		{8335D294-BEC8-45FB-918B-12ADA559FABB}.Debug|x64.Build.0 = Debug|x64
		{8335D294-BEC8-45FB-918B-12ADA559FABB}.Debug|x86.ActiveCfg = Debug|Win32
		{8335D294-BEC8-45FB-918B-12ADA559FABB}.Debug|x86.Build.0 = Debug|Win32
		{8335D294-BEC8-45FB-918B-12ADA559FABB}.Release|x64.ActiveCfg = Release|x64
		{8335D294-BEC8-45FB-918B-12ADA559FABB}.Release|x64.Build.0 = Release|x64
		{8335D294-BEC8-45FB-918B-12ADA559FABB}.Release|x86.ActiveCfg = Release|Win32
		{8335D294-BEC8-45FB-918B-12ADA559FABB}.Release|x86.Build.0 = Release|Win32
		{0F53EAAE-D409-473F-B77E-C8B88D7274BD}.Debug|x64.ActiveCfg = Debug|x64
		{0F53EAAE-D409-473F-B77E-C8B88D7274BD}.Debug|x64.Build.0 = Debug|x64
		{0F53EAAE-D409-473F-B77E-C8B88D7274BD}.Debug|x86.ActiveCfg = Debug|Win32
		{0F53EAAE-D409-473F-B77E-C8B88D7274BD}.Debug|x86.Build.0 = Debug|Win32
		{0F53EAAE-D409-473F-B77E-C8B88D7274BD}.Release|x64.ActiveCfg = Release|x64
		{0F53EAAE-D409-473F-B77E-C8B88D7274BD}.Release|x64.Build.0 = Release|x64
		{0F53EAAE-D409-473F-B77E-C8B88D7274BD}.Release|x86.ActiveCfg = Release|Win32
		{0F53EAAE-D409-473F-B77E-C8B88D7274BD}.Release|x86.Build.0 = Release|Win32
		{8C593FDF-D24A-45A6-85D5-CF992EE94509}.Debug|x64.ActiveCfg = Debug|x64
		{8C593FDF-D24A-45A6-85D5-CF992EE94509}.Debug|x64.Build.0 = Debug|x64
		{8C593FDF-D24A-45A6-85D5-CF992EE94509}.Debug|x86.ActiveCfg = Debug|Win32
		{8C593FDF-D24A-45A6-85D5-CF992EE94509}.Debug|x86.Build.0 = Debug|Win32
		{8C593FDF-D24A-45A6-85D5-CF992EE94509}.Release|x64.ActiveCfg = Release|x64
		{8C593FDF-D24A-45A6-85D5-CF992EE94509}.Release|x64.Build.0 = Release|x64
		{8C593FDF-D24A-45A6-85D5-CF992EE94509}.Release|x86.ActiveCfg = Release|Win32
		{8C593FDF-D24A-45A6-85D5-CF992EE94509}.Release|x86.Build.0 = Release|Win32
		{B6F3B60B-6D56-45EB-96C1-BDE8E563C808}.Debug|x64.ActiveCfg = Debug|x64
		{B6F3B60B-6D56-45EB-96C1-BDE8E563C808}.Debug|x64.Build.0 = Debug|x64
		{B6F3B60B-6D56-45EB-96C1-BDE8E563C808}.Debug|x86.ActiveCfg = Debug|Win32
		{B6F3B60B-6D56-45EB-96C1-BDE8E563C808}.Debug|x86.Build.0 = Debug|Win32
		{B6F3B60B-6D56-45EB-96C1-BDE8E563C808}.Release|x64.ActiveCfg = Release|x64
		{B6F3B60B-6D56-45EB-96C1-BDE8E563C808}.Release|x64.Build.0 = Release|x64
		{B6F3B60B-6D56-45EB-96C1-BDE8E563C808}.Release|x86.ActiveCfg = Release|Win32
		{B6F3B60B-6D56-45EB-96C1-BDE8E563C808}.Release|x86.Build.0 = Release|Win32
		{CC7EC1A8-890C-45B4-AC4C-6FF389F68B8A}.Debug|x64.ActiveCfg = Debug|x64
		{CC7EC1A8-890C-45B4-AC4C-6FF389F68B8A}.Debug|x64.Build.0 = Debug|x64
		{CC7EC1A8-890C-45B4-AC4C-6FF389F68B8A}.Debug|x86.ActiveCfg = Debug|Win32
		{CC7EC1A8-890C-45B4-AC4C-6FF389F68B8A}.Debug|x86.Build.0 = Debug|Win32
		{CC7EC1A8-890C-45B4-AC4C-6FF389F68B8A}.Release|x64.ActiveCfg = Release|x64
		{CC7EC1A8-890C-45B4-AC4C-6FF389F68B8A}.Release|x64.Build.0 = Release|x64
		{CC7EC1A8-890C-45B4-AC4C-6FF389F68B8A}.Release|x86.ActiveCfg = Release|Win32
		{CC7EC1A8-890C-45B4-AC4C-6FF389F68B8A}.Release|x86.Build.0 = Release|Win32
		{14E332BF-063A-4E9A-AD96-3DCF2C911A0A}.Debug|x64.ActiveCfg = Debug|x64
		{14E332BF-063A-4E9A-AD96-3DCF2C911A0A}.Debug|x64.Build.0 = Debug|x64
		{14E332BF-063A-4E9A-AD96-3DCF2C911A0A}.Debug|x86.ActiveCfg = Debug|Win32
		{14E332BF-063A-4E9A-AD96-3DCF2C911A0A}.Debug|x86.Build.0 = Debug|Win32
		{14E332BF-063A-4E9A-AD96-3DCF2C911A0A}.Release|x64.ActiveCfg = Release|x64
		{14E332BF-063A-4E9A-AD96-3DCF2C911A0A}.Release|x64.Build.0 = Release|x64
		{14E332BF-063A-4E9A-AD96-3DCF2C911A0A}.Release|x86.ActiveCfg = Release|Win32
		{14E332BF-063A-4E9A-AD96-3DCF2C911A0A}.Release|x86.Build.0 = Release|Win32
		{7DDA9022-228F-4CEA-A2CA-7E6114783D27}.Debug|x64.ActiveCfg = Debug|x64
		{7DDA9022-228F-4CEA-A2CA-7E6114783D27}.Debug|x64.Build.0 = Debug|x64
		{7DDA9022-228F-4CEA-A2CA-7E6114783D27}.Debug|x86.ActiveCfg = Debug|Win32
		{7DDA9022-228F-4CEA-A2CA-7E6114783D27}.Debug|x86.Build.0 = Debug|Win32
		{7DDA9022-228F-4CEA-A2CA-7E6114783D27}.Release|x64.ActiveCfg = Release|x64
		{7DDA9022-228F-4CEA-A2CA-7E6114783D27}.Release|x64.Build.0 = Release|x64
		{7DDA9022-228F-4CEA-A2CA-7E6114783D27}.Release|x86.ActiveCfg = Release|Win32
		{7DDA9022-228F-4CEA-A2CA-7E6114783D27}.Release|x86.Build.0 = Release|Win32
		{A94EFA6B-C17B-499C-93A5-8CA38BA416AC}.Debug|x64.ActiveCfg = Debug|x64
		{A94EFA6B-C17B-499C-93A5-8CA38BA416AC}.Debug|x64.Build.0 = Debug|x64
		{A94EFA6B-C17B-499C-93A5-8CA38BA416AC}.Debug|x86.ActiveCfg = Debug|Win32
		{A94EFA6B-C17B-499C-93A5-8CA38BA416AC}.Debug|x86.Build.0 = Debug|Win32
		{A94EFA6B-C17B-499C-93A5-8CA38BA416AC}.Release|x64.ActiveCfg = Release|x64
		{A94EFA6B-C17B-499C-93A5-8CA38BA416AC}.Release|x64.Build.0 = Release|x64
		{A94EFA6B-C17B-499C-93A5-8CA38BA416AC}.Release|x86.ActiveCfg = Release|Win32
		{A94EFA6B-C17B-499C-93A5-8CA38BA416AC}.Release|x86.Build.0 = Release|Win32
		{952D3E00-EC33-46DA-BC86-B37E7B4BAC5E}.Debug|x64.ActiveCfg = Debug|x64
		{952D3E00-EC33-46DA-BC86-B37E7B4BAC5E}.Debug|x64.Build.0 = Debug|x64
		{952D3E00-EC33-46DA-BC86-B37E7B4BAC5E}.Debug|x86.ActiveCfg = Debug|Win32
		{952D3E00-EC33-46DA-BC86-B37E7B4BAC5E}.Debug|x86.Build.0 = Debug|Win32
		{952D3E00-EC33-46DA-BC86-B37E7B4BAC5E}.Release|x64.ActiveCfg = Release|x64
		{952D3E00-EC33-46DA-BC86-B37E7B4BAC5E}.Release|x64.Build.0 = Release|x64
		{952D3E00-EC33-46DA-BC86-B37E7B4BAC5E}.Release|x86.ActiveCfg = Release|Win32
		{952D3E00-EC33-46DA-BC86-B37E7B4BAC5E}.Release|x86.Build.0 = Release|Win32
		{1BDA592C-3BAD-4F15-9594-08770223E50E}.Debug|x64.ActiveCfg = Debug|x64
		{1BDA592C-3BAD-4F15-9594-08770223E50E}.Debug|x64.Build.0 = Debug|x64
		{1BDA592C-3BAD-4F15-9594-08770223E50E}.Debug|x86.ActiveCfg = Debug|Win32
		{1BDA592C-3BAD-4F15-9594-08770223E50E}.Debug|x86.Build.0 = Debug|Win32
		{1BDA592C-3BAD-4F15-9594-08770223E50E}.Release|x64.ActiveCfg = Release|x64
		{1BDA592C-3BAD-4F15-9594-08770223E50E}.Release|x64.Build.0 = Release|x64
		{1BDA592C-3BAD-4F15-9594-08770223E50E}.Release|x86.ActiveCfg = Release|Win32
		{1BDA592C-3BAD-4F15-9594-08770223E50E}.Release|x86.Build.0 = Release|Win32
		{60D240AC-DBB2-4E40-AEC0-4D5BA51A7F23}.Debug|x64.ActiveCfg = Debug|x64
		{60D240AC-DBB2-4E40-AEC0-4D5BA51A7F23}.Debug|x64.Build.0 = Debug|x64
		{60D240AC-DBB2-4E40-AEC0-4D5BA51A7F23}.Debug|x86.ActiveCfg = Debug|Win32
		{60D240AC-DBB2-4E40-AEC0-4D5BA51A7F23}.Debug|x86.Build.0 = Debug|Win32
		{60D240AC-DBB2-4E40-AEC0-4D5BA51A7F23}.Release|x64.ActiveCfg = Release|x64
		{60D240AC-DBB2-4E40-AEC0-4D5BA51A7F23}.Release|x64.Build.0 = Release|x64
		{60D240AC-DBB2-4E40-AEC0-4D5BA51A7F23}.Release|x86.ActiveCfg = Release|Win32
		{60D240AC-DBB2-4E40-AEC0-4D5BA51A7F23}.Release|x86.Build.0 = Release|Win32
		{BCC0D935-A8D0-47EB-A50B-E16408C90FB6}.Debug|x64.ActiveCfg = Debug|x64
		{BCC0D935-A8D0-47EB-A50B-E16408C90FB6}.Debug|x64.Build.0 = Debug|x64
		{BCC0D935-A8D0-47EB-A50B-E16408C90FB6}.Debug|x86.ActiveCfg = Debug|Win32
		{BCC0D935-A8D0-47EB-A50B-E16408C90FB6}.Debug|x86.Build.0 = Debug|Win32
		{BCC0D935-A8D0-47EB-A50B-E16408C90FB6}.Release|x64.ActiveCfg = Release|x64
		{BCC0D935-A8D0-47EB-A50B-E16408C90FB6}.Release|x64.Build.0 = Release|x64
		{BCC0D935-A8D0-47EB-A50B-E16408C90FB6}.Release|x86.ActiveCfg = Release|Win32
		{BCC0D935-A8D0-47EB-A50B-E16408C90FB6}.Release|x86.Build.0 = Release|Win32
		{DFFAD90B-3E31-4858-8D87-D47873CBD819}.Debug|x64.ActiveCfg = Debug|x64
		{DFFAD90B-3E31-4858-8D87-D47873CBD819}.Debug|x64.Build.0 = Debug|x64
		{DFFAD90B-3E31-4858-8D87-D47873CBD819}.Debug|x86.ActiveCfg = Debug|Win32
		{DFFAD90B-3E31-4858-8D87-D47873CBD819}.Debug|x86.Build.0 = Debug|Win32
		{DFFAD90B-3E31-4858-8D87-D47873CBD819}.Release|x64.ActiveCfg = Release|x64
		{DFFAD90B-3E31-4858-8D87-D47873CBD819}.Release|x64.Build.0 = Release|x64
		{DFFAD90B-3E31-4858-8D87-D47873CBD819}.Release|x86.ActiveCfg = Release|Win32
		{DFFAD90B-3E31-4858-8D87-D47873CBD819}.Release|x86.Build.0 = Release|Win32
		{4E4C7848-1157-46F7-8298-8EBEAD23EA8E}.Debug|x64.ActiveCfg = Debug|x64
		{4E4C7848-1157-46F7-8298-8EBEAD23EA8E}.Debug|x64.Build.0 = Debug|x64
		{4E4C7848-1157-46F7-8298-8EBEAD23EA8E}.Debug|x86.ActiveCfg = Debug|Win32
		{4E4C7848-1157-46F7-8298-8EBEAD23EA8E}.Debug|x86.Build.0 = Debug|Win32
		{4E4C7848-1157-46F7-8298-8EBEAD23EA8E}.Release|x64.ActiveCfg = Release|x64
		{4E4C7848-1157-46F7-8298-8EBEAD23EA8E}.Release|x64.Build.0 = Release|x64
		{4E4C7848-1157-46F7-8298-8EBEAD23EA8E}.Release|x86.ActiveCfg = Release|Win32
		{4E4C7848-1157-46F7-8298-8EBEAD23EA8E}.Release|x86.Build.0 = Release|Win32
		{391FDAEF-8C81-4E69-A5CA-A7959081D5E5}.Debug|x64.ActiveCfg = Debug|x64
		{391FDAEF-8C81-4E69-A5CA-A7959081D5E5}.Debug|x64.Build.0 = Debug|x64
		{391FDAEF-8C81-4E69-A5CA-A7959081D5E5}.Debug|x86.ActiveCfg = Debug|Win32
		{391FDAEF-8C81-4E69-A5CA-A7959081D5E5}.Debug|x86.Build.0 = Debug|Win32
		{391FDAEF-8C81-4E69-A5CA-A7959081D5E5}.Release|x64.ActiveCfg = Release|x64
		{391FDAEF-8C81-4E69-A5CA-A7959081D5E5}.Release|x64.Build.0 = Release|x64
		{391FDAEF-8C81-4E69-A5CA-A7959081D5E5}.Release|x86.ActiveCfg = Release|Win32
		{391FDAEF-8C81-4E69-A5CA-A7959081D5E5}.Release|x86.Build.0 = Release|Win32
		{5B386FE2-8C29-4D09-8995-24530084D161}.Debug|x64.ActiveCfg = Debug|x64
		{5B386FE2-8C29-4D09-8995-24530084D161}.Debug|x64.Build.0 = Debug|x64
		{5B386FE2-8C29-4D09-8995-24530084D161}.Debug|x86.ActiveCfg = Debug|Win32
		{5B386FE2-8C29-4D09-8995-24530084D161}.Debug|x86.Build.0 = Debug|Win32
		{5B386FE2-8C29-4D09-8995-24530084D161}.Release|x64.ActiveCfg = Release|x64
		{5B386FE2-8C29-4D09-8995-24530084D161}.Release|x64.Build.0 = Release|x64
		{5B386FE2-8C29-4D09-8995-24530084D161}.Release|x86.ActiveCfg = Release|Win32
		{5B386FE2-8C29-4D09-8995-24530084D161}.Release|x86.Build.0 = Release|Win32
		{4EEABAD7-9A64-42EC-B426-71A690439583}.Debug|x64.ActiveCfg = Debug|x64
		{4EEABAD7-9A64-42EC-B426-71A690439583}.Debug|x64.Build.0 = Debug|x64
		{4EEABAD7-9A64-42EC-B426-71A690439583}.Debug|x86.ActiveCfg = Debug|Win32
		{4EEABAD7-9A64-42EC-B426-71A690439583}.Debug|x86.Build.0 = Debug|Win32
		{4EEABAD7-9A64-42EC-B426-71A690439583}.Release|x64.ActiveCfg = Release|x64
		{4EEABAD7-9A64-42EC-B426-71A690439583}.Release|x64.Build.0 = Release|x64
		{4EEABAD7-9A64-42EC-B426-71A690439583}.Release|x86.ActiveCfg = Release|Win32
		{4EEABAD7-9A64-42EC-B426-71A690439583}.Release|x86.Build.0 = Release|Win32
		{86270343-34D2-4926-8227-C4A599804C4C}.Debug|x64.ActiveCfg = Debug|x64
		{86270343-34D2-4926-8227-C4A599804C4C}.Debug|x64.Build.0 = Debug|x64
		{86270343-34D2-4926-8227-C4A599804C4C}.Debug|x86.ActiveCfg = Debug|Win32
		{86270343-34D2-4926-8227-C4A599804C4C}.Debug|x86.Build.0 = Debug|Win32
		{86270343-34D2-4926-8227-C4A599804C4C}.Release|x64.ActiveCfg = Release|x64
		{86270343-34D2-4926-8227-C4A599804C4C}.Release|x64.Build.0 = Release|x64
		{86270343-34D2-4926-8227-C4A599804C4C}.Release|x86.ActiveCfg = Release|Win32
		{86270343-34D2-4926-8227-C4A599804C4C}.Release|x86.Build.0 = Release|Win32
		{627D0A27-A91F-49AB-9EB3-D1FC3B1B5E84}.Debug|x64.ActiveCfg = Debug|x64
		{627D0A27-A91F-49AB-9EB3-D1FC3B1B5E84}.Debug|x64.Build.0 = Debug|x64
		{627D0A27-A91F-49AB-9EB3-D1FC3B1B5E84}.Debug|x86.ActiveCfg = Debug|Win32
		{627D0A27-A91F-49AB-9EB3-D1FC3B1B5E84}.Debug|x86.Build.0 = Debug|Win32
		{627D0A27-A91F-49AB-9EB3-D1FC3B1B5E84}.Release|x64.ActiveCfg = Release|x64
		{627D0A27-A91F-49AB-9EB3-D1FC3B1B5E84}.Release|x64.Build.0 = Release|x64
		{627D0A27-A91F-49AB-9EB3-D1FC3B1B5E84}.Release|x86.ActiveCfg = Release|Win32
		{627D0A27-A91F-49AB-9EB3-D1FC3B1B5E84}.Release|x86.Build.0 = Release|Win32
		{B1B64F23-073F-4B10-A913-0FF810697B02}.Debug|x64.ActiveCfg = Debug|x64
		{B1B64F23-073F-4B10-A913-0FF810697B02}.Debug|x64.Build.0 = Debug|x64
		{B1B64F23-073F-4B10-A913-0FF810697B02}.Debug|x86.ActiveCfg = Debug|Win32
		{B1B64F23-073F-4B10-A913-0FF810697B02}.Debug|x86.Build.0 = Debug|Win32
		{B1B64F23-073F-4B10-A913-0FF810697B02}.Release|x64.ActiveCfg = Release|x64
		{B1B64F23-073F-4B10-A913-0FF810697B02}.Release|x64.Build.0 = Release|x64
		{B1B64F23-073F-4B10-A913-0FF810697B02}.Release|x86.ActiveCfg = Release|Win32
		{B1B64F23-073F-4B10-A913-0FF810697B02}.Release|x86.Build.0 = Release|Win32
		{BD3218F1-D7E6-4124-AD51-829DC544FB29}.Debug|x64.ActiveCfg = Debug|x64
		{BD3218F1-D7E6-4124-AD51-829DC544FB29}.Debug|x64.Build.0 = Debug|x64
		{BD3218F1-D7E6-4124-AD51-829DC544FB29}.Debug|x86.ActiveCfg = Debug|Win32
		{BD3218F1-D7E6-4124-AD51-829DC544FB29}.Debug|x86.Build.0 = Debug|Win32
		{BD3218F1-D7E6-4124-AD51-829DC544FB29}.Release|x64.ActiveCfg = Release|x64
		{BD3218F1-D7E6-4124-AD51-829DC544FB29}.Release|x64.Build.0 = Release|x64
		{BD3218F1-D7E6-4124-AD51-829DC544FB29}.Release|x86.ActiveCfg = Release|Win32
		{BD3218F1-D7E6-4124-AD51-829DC544FB29}.Release|x86.Build.0 = Release|Win32
		{875DA4FA-8AF3-498D-9366-CBE0B22ED659}.Debug|x64.ActiveCfg = Debug|x64
		{875DA4FA-8AF3-498D-9366-CBE0B22ED659}.Debug|x64.Build.0 = Debug|x64
		{875DA4FA-8AF3-498D-9366-CBE0B22ED659}.Debug|x86.ActiveCfg = Debug|Win32
		{875DA4FA-8AF3-498D-9366-CBE0B22ED659}.Debug|x86.Build.0 = Debug|Win32
		{875DA4FA-8AF3-498D-9366-CBE0B22ED659}.Release|x64.ActiveCfg = Release|x64
		{875DA4FA-8AF3-498D-9366-CBE0B22ED659}.Release|x64.Build.0 = Release|x64
		{875DA4FA-8AF3-498D-9366-CBE0B22ED659}.Release|x86.ActiveCfg = Release|Win32
		{875DA4FA-8AF3-498D-9366-CBE0B22ED659}.Release|x86.Build.0 = Release|Win32
		{A21523EF-3C28-411E-87CE-D5959F8621E9}.Debug|x64.ActiveCfg = Debug|x64
		{A21523EF-3C28-411E-87CE-D5959F8621E9}.Debug|x64.Build.0 = Debug|x64
		{A21523EF-3C28-411E-87CE-D5959F8621E9}.Debug|x86.ActiveCfg = Debug|Win32
		{A21523EF-3C28-411E-87CE-D5959F8621E9}.Debug|x86.Build.0 = Debug|Win32
		{A21523EF-3C28-411E-87CE-D5959F8621E9}.Release|x64.ActiveCfg = Release|x64
		{A21523EF-3C28-411E-87CE-D5959F8621E9}.Release|x64.Build.0 = Release|x64
		{A21523EF-3C28-411E-87CE-D5959F8621E9}.Release|x86.ActiveCfg = Release|Win32
		{A21523EF-3C28-411E-87CE-D5959F8621E9}.Release|x86.Build.0 = Release|Win32
		{6513876D-47F2-4852-858C-1F07A380BD8A}.Debug|x64.ActiveCfg = Debug|x64
		{6513876D-47F2-4852-858C-1F07A380BD8A}.Debug|x64.Build.0 = Debug|x64
		{6513876D-47F2-4852-858C-1F07A380BD8A}.Debug|x86.ActiveCfg = Debug|Win32
		{6513876D-47F2-4852-858C-1F07A380BD8A}.Debug|x86.Build.0 = Debug|Win32
		{6513876D-47F2-4852-858C-1F07A380BD8A}.Release|x64.ActiveCfg = Release|x64
		{6513876D-47F2-4852-858C-1F07A380BD8A}.Release|x64.Build.0 = Release|x64
		{6513876D-47F2-4852-858C-1F07A380BD8A}.Release|x86.ActiveCfg = Release|Win32
		{6513876D-47F2-4852-858C-1F07A380BD8A}.Release|x86.Build.0 = Release|Win32
		{DC5FDFBC-25C9-4749-A1EB-E0024F3B8838}.Debug|x64.ActiveCfg = Debug|x64
		{DC5FDFBC-25C9-4749-A1EB-E0024F3B8838}.Debug|x64.Build.0 = Debug|x64
		{DC5FDFBC-25C9-4749-A1EB-E0024F3B8838}.Debug|x86.ActiveCfg = Debug|Win32
		{DC5FDFBC-25C9-4749-A1EB-E0024F3B8838}.Debug|x86.Build.0 = Debug|Win32
		{DC5FDFBC-25C9-4749-A1EB-E0024F3B8838}.Release|x64.ActiveCfg = Release|x64
		{DC5FDFBC-25C9-4749-A1EB-E0024F3B8838}.Release|x64.Build.0 = Release|x64
		{DC5FDFBC-25C9-4749-A1EB-E0024F3B8838}.Release|x86.ActiveCfg = Release|Win32
		{DC5FDFBC-25C9-4749-A1EB-E0024F3B8838}.Release|x86.Build.0 = Release|Win32
		{306268F6-A3CE-4627-87E5-1AB56767C21A}.Debug|x64.ActiveCfg = Debug|x64
		{306268F6-A3CE-4627-87E5-1AB56767C21A}.Debug|x64.Build.0 = Debug|x64
		{306268F6-A3CE-4627-87E5-1AB56767C21A}.Debug|x86.ActiveCfg = Debug|Win32
		{306268F6-A3CE-4627-87E5-1AB56767C21A}.Debug|x86.Build.0 = Debug|Win32
		{306268F6-A3CE-4627-87E5-1AB56767C21A}.Release|x64.ActiveCfg = Release|x64
		{306268F6-A3CE-4627-87E5-1AB56767C21A}.Release|x64.Build.0 = Release|x64
		{306268F6-A3CE-4627-87E5-1AB56767C21A}.Release|x86.ActiveCfg = Release|Win32
		{306268F6-A3CE-4627-87E5-1AB56767C21A}.Release|x86.Build.0 = Release|Win32
		{76EF40FA-3601-4E3E-928D-60632E26C4FC}.Debug|x64.ActiveCfg = Debug|x64
		{76EF40FA-3601-4E3E-928D-60632E26C4FC}.Debug|x64.Build.0 = Debug|x64
		{76EF40FA-3601-4E3E-928D-60632E26C4FC}.Debug|x86.ActiveCfg = Debug|Win32
		{76EF40FA-3601-4E3E-928D-60632E26C4FC}.Debug|x86.Build.0 = Debug|Win32
		{76EF40FA-3601-4E3E-928D-60632E26C4FC}.Release|x64.ActiveCfg = Release|x64
		{76EF40FA-3601-4E3E-928D-60632E26C4FC}.Release|x64.Build.0 = Release|x64
		{76EF40FA-3601-4E3E-928D-60632E26C4FC}.Release|x86.ActiveCfg = Release|Win32
		{76EF40FA-3601-4E3E-928D-60632E26C4FC}.Release|x86.Build.0 = Release|Win32
		{E1CA8ADA-4963-435E-A345-F5C6DD1A55F8}.Debug|x64.ActiveCfg = Debug|x64
		{E1CA8ADA-4963-435E-A345-F5C6DD1A55F8}.Debug|x64.Build.0 = Debug|x64
		{E1CA8ADA-4963-435E-A345-F5C6DD1A55F8}.Debug|x86.ActiveCfg = Debug|Win32
		{E1CA8ADA-4963-435E-A345-F5C6DD1A55F8}.Debug|x86.Build.0 = Debug|Win32
		{E1CA8ADA-4963-435E-A345-F5C6DD1A55F8}.Release|x64.ActiveCfg = Release|x64
		{E1CA8ADA-4963-435E-A345-F5C6DD1A55F8}.Release|x64.Build.0 = Release|x64
		{E1CA8ADA-4963-435E-A345-F5C6DD1A55F8}.Release|x86.ActiveCfg = Release|Win32
		{E1CA8ADA-4963-435E-A345-F5C6DD1A55F8}.Release|x86.Build.0 = Release|Win32
		{002D470A-DE52-4B93-92DD-B8DAFC83B3E9}.Debug|x64.ActiveCfg = Debug|x64
		{002D470A-DE52-4B93-92DD-B8DAFC83B3E9}.Debug|x64.Build.0 = Debug|x64
		{002D470A-DE52-4B93-92DD-B8DAFC83B3E9}.Debug|x86.ActiveCfg = Debug|Win32
		{002D470A-DE52-4B93-92DD-B8DAFC83B3E9}.Debug|x86.Build.0 = Debug|Win32
		{002D470A-DE52-4B93-92DD-B8DAFC83B3E9}.Release|x64.ActiveCfg = Release|x64
		{002D470A-DE52-4B93-92DD-B8DAFC83B3E9}.Release|x64.Build.0 = Release|x64
		{002D470A-DE52-4B93-92DD-B8DAFC83B3E9}.Release|x86.ActiveCfg = Release|Win32
		{002D470A-DE52-4B93-92DD-B8DAFC83B3E9}.Release|x86.Build.0 = Release|Win32
		{BFD39B83-2451-4E24-8258-06149ED29470}.Debug|x64.ActiveCfg = Debug|x64
		{BFD39B83-2451-4E24-8258-06149ED29470}.Debug|x64.Build.0 = Debug|x64
		{BFD39B83-2451-4E24-8258-06149ED29470}.Debug|x86.ActiveCfg = Debug|Win32
		{BFD39B83-2451-4E24-8258-06149ED29470}.Debug|x86.Build.0 = Debug|Win32
		{BFD39B83-2451-4E24-8258-06149ED29470}.Release|x64.ActiveCfg = Release|x64
		{BFD39B83-2451-4E24-8258-06149ED29470}.Release|x64.Build.0 = Release|x64
		{BFD39B83-2451-4E24-8258-06149ED29470}.Release|x86.ActiveCfg = Release|Win32
		{BFD39B83-2451-4E24-8258-06149ED29470}.Release|x86.Build.0 = Release|Win32
		{5C5A11F1-9F97-4BC5-8D66-1A7B83108051}.Debug|x64.ActiveCfg = Debug|x64
		{5C5A11F1-9F97-4BC5-8D66-1A7B83108051}.Debug|x64.Build.0 = Debug|x64
		{5C5A11F1-9F97-4BC5-8D66-1A7B83108051}.Debug|x86.ActiveCfg = Debug|Win32
		{5C5A11F1-9F97-4BC5-8D66-1A7B83108051}.Debug|x86.Build.0 = Debug|Win32
		{5C5A11F1-9F97-4BC5-8D66-1A7B83108051}.Release|x64.ActiveCfg = Release|x64
		{5C5A11F1-9F97-4BC5-8D66-1A7B83108051}.Release|x64.Build.0 = Release|x64
		{5C5A11F1-9F97-4BC5-8D66-1A7B83108051}.Release|x86.ActiveCfg = Release|Win32
		{5C5A11F1-9F97-4BC5-8D66-1A7B83108051}.Release|x86.Build.0 = Release|Win32
		{2C46034F-71F0-4AD3-B57A-B3D3DAEDB48B}.Debug|x64.ActiveCfg = Debug|x64
		{2C46034F-71F0-4AD3-B57A-B3D3DAEDB48B}.Debug|x64.Build.0 = Debug|x64
		{2C46034F-71F0-4AD3-B57A-B3D3DAEDB48B}.Debug|x86.ActiveCfg = Debug|Win32
		{2C46034F-71F0-4AD3-B57A-B3D3DAEDB48B}.Debug|x86.Build.0 = Debug|Win32
		{2C46034F-71F0-4AD3-B57A-B3D3DAEDB48B}.Release|x64.ActiveCfg = Release|x64
		{2C46034F-71F0-4AD3-B57A-B3D3DAEDB48B}.Release|x64.Build.0 = Release|x64
		{2C46034F-71F0-4AD3-B57A-B3D3DAEDB48B}.Release|x86.ActiveCfg = Release|Win32
		{2C46034F-71F0-4AD3-B57A-B3D3DAEDB48B}.Release|x86.Build.0 = Release|Win32
		{36267E7C-7AC8-42A2-AC87-146DDD9D0DAF}.Debug|x64.ActiveCfg = Debug|x64
		{36267E7C-7AC8-42A2-AC87-146DDD9D0DAF}.Debug|x64.Build.0 = Debug|x64
		{36267E7C-7AC8-42A2-AC87-146DDD9D0DAF}.Debug|x86.ActiveCfg = Debug|Win32
		{36267E7C-7AC8-42A2-AC87-146DDD9D0DAF}.Debug|x86.Build.0 = Debug|Win32
		{36267E7C-7AC8-42A2-AC87-146DDD9D0DAF}.Release|x64.ActiveCfg = Release|x64
		{36267E7C-7AC8-42A2-AC87-146DDD9D0DAF}.Release|x64.Build.0 = Release|x64
		{36267E7C-7AC8-42A2-AC87-146DDD9D0DAF}.Release|x86.ActiveCfg = Release|Win32
		{36267E7C-7AC8-42A2-AC87-146DDD9D0DAF}.Release|x86.Build.0 = Release|Win32
	EndGlobalSection
	GlobalSection(SolutionProperties) = preSolution
		HideSolutionNode = FALSE
	EndGlobalSection
	GlobalSection(ExtensibilityGlobals) = postSolution
		SolutionGuid = {2AB05E4A-0E45-44BC-9B6C-E42BAA2B7E07}
	EndGlobalSection
EndGlobal
